// !$*UTF8*$!
{
	archiveVersion = 1;
	classes = {
	};
	objectVersion = 46;
	objects = {

/* Begin PBXAggregateTarget section */
		C7B6A7331511B299003F797D /* Generate BridgeSupport */ = {
			isa = PBXAggregateTarget;
			buildConfigurationList = C7B6A7361511B299003F797D /* Build configuration list for PBXAggregateTarget "Generate BridgeSupport" */;
			buildPhases = (
				C7B6A73A1511B2B3003F797D /* Generate Metadata */,
			);
			dependencies = (
			);
			name = "Generate BridgeSupport";
			productName = "Framework with BridgeSupport";
		};
/* End PBXAggregateTarget section */

/* Begin PBXBuildFile section */
		C701C3CC14BBC32100DD9C0C /* GLMathExports.h in Headers */ = {isa = PBXBuildFile; fileRef = C701C3CB14BBC32100DD9C0C /* GLMathExports.h */; };
		C70EA31A14AC97BD009D29C6 /* GLMath.c in Sources */ = {isa = PBXBuildFile; fileRef = C70EA30F14AC97BD009D29C6 /* GLMath.c */; };
		C70EA31B14AC97BD009D29C6 /* GLMath.h in Headers */ = {isa = PBXBuildFile; fileRef = C70EA31014AC97BD009D29C6 /* GLMath.h */; settings = {ATTRIBUTES = (Public, ); }; };
		C70EA31C14AC97BD009D29C6 /* GLMathBezierCurve.h in Headers */ = {isa = PBXBuildFile; fileRef = C70EA31114AC97BD009D29C6 /* GLMathBezierCurve.h */; settings = {ATTRIBUTES = (Public, ); }; };
		C70EA31D14AC97BD009D29C6 /* GLMathMatrix.h in Headers */ = {isa = PBXBuildFile; fileRef = C70EA31214AC97BD009D29C6 /* GLMathMatrix.h */; settings = {ATTRIBUTES = (Public, ); }; };
		C70EA31E14AC97BD009D29C6 /* GLMathMatrixStack.h in Headers */ = {isa = PBXBuildFile; fileRef = C70EA31314AC97BD009D29C6 /* GLMathMatrixStack.h */; settings = {ATTRIBUTES = (Public, ); }; };
		C70EA31F14AC97BD009D29C6 /* GLMathQuaternion.h in Headers */ = {isa = PBXBuildFile; fileRef = C70EA31414AC97BD009D29C6 /* GLMathQuaternion.h */; settings = {ATTRIBUTES = (Public, ); }; };
		C70EA32114AC97BD009D29C6 /* GLMathTransforms.h in Headers */ = {isa = PBXBuildFile; fileRef = C70EA31614AC97BD009D29C6 /* GLMathTransforms.h */; settings = {ATTRIBUTES = (Public, ); }; };
		C70EA32214AC97BD009D29C6 /* GLMathTypes.h in Headers */ = {isa = PBXBuildFile; fileRef = C70EA31714AC97BD009D29C6 /* GLMathTypes.h */; settings = {ATTRIBUTES = (Public, ); }; };
		C70EA32314AC97BD009D29C6 /* GLMathUtilities.h in Headers */ = {isa = PBXBuildFile; fileRef = C70EA31814AC97BD009D29C6 /* GLMathUtilities.h */; settings = {ATTRIBUTES = (Public, ); }; };
		C70EA32414AC97BD009D29C6 /* GLMathVector.h in Headers */ = {isa = PBXBuildFile; fileRef = C70EA31914AC97BD009D29C6 /* GLMathVector.h */; settings = {ATTRIBUTES = (Public, ); }; };
		C71E0B6B155A40AF00CB6F37 /* Accelerate.framework in Frameworks */ = {isa = PBXBuildFile; fileRef = C7622AEF14D080850093DDD0 /* Accelerate.framework */; };
		C73160AE14ACF14800A966CE /* GLMathUtilities.c in Sources */ = {isa = PBXBuildFile; fileRef = C73160AD14ACF14800A966CE /* GLMathUtilities.c */; };
		C7622B0C14D085D90093DDD0 /* GLMath.c in Sources */ = {isa = PBXBuildFile; fileRef = C70EA30F14AC97BD009D29C6 /* GLMath.c */; };
		C7622B0E14D085E00093DDD0 /* GLMathUtilities.c in Sources */ = {isa = PBXBuildFile; fileRef = C73160AD14ACF14800A966CE /* GLMathUtilities.c */; };
		C7622B0F14D085F20093DDD0 /* GLMath.h in Headers */ = {isa = PBXBuildFile; fileRef = C70EA31014AC97BD009D29C6 /* GLMath.h */; settings = {ATTRIBUTES = (Public, ); }; };
		C7622B1014D085F20093DDD0 /* GLMathBezierCurve.h in Headers */ = {isa = PBXBuildFile; fileRef = C70EA31114AC97BD009D29C6 /* GLMathBezierCurve.h */; settings = {ATTRIBUTES = (Public, ); }; };
		C7622B1114D085F20093DDD0 /* GLMathMatrix.h in Headers */ = {isa = PBXBuildFile; fileRef = C70EA31214AC97BD009D29C6 /* GLMathMatrix.h */; settings = {ATTRIBUTES = (Public, ); }; };
		C7622B1214D085F20093DDD0 /* GLMathMatrixStack.h in Headers */ = {isa = PBXBuildFile; fileRef = C70EA31314AC97BD009D29C6 /* GLMathMatrixStack.h */; settings = {ATTRIBUTES = (Public, ); }; };
		C7622B1314D085F20093DDD0 /* GLMathQuaternion.h in Headers */ = {isa = PBXBuildFile; fileRef = C70EA31414AC97BD009D29C6 /* GLMathQuaternion.h */; settings = {ATTRIBUTES = (Public, ); }; };
		C7622B1514D085F20093DDD0 /* GLMathTransforms.h in Headers */ = {isa = PBXBuildFile; fileRef = C70EA31614AC97BD009D29C6 /* GLMathTransforms.h */; settings = {ATTRIBUTES = (Public, ); }; };
		C7622B1614D085F20093DDD0 /* GLMathTypes.h in Headers */ = {isa = PBXBuildFile; fileRef = C70EA31714AC97BD009D29C6 /* GLMathTypes.h */; settings = {ATTRIBUTES = (Public, ); }; };
		C7622B1714D085F20093DDD0 /* GLMathUtilities.h in Headers */ = {isa = PBXBuildFile; fileRef = C70EA31814AC97BD009D29C6 /* GLMathUtilities.h */; settings = {ATTRIBUTES = (Public, ); }; };
		C7622B1814D085F20093DDD0 /* GLMathVector.h in Headers */ = {isa = PBXBuildFile; fileRef = C70EA31914AC97BD009D29C6 /* GLMathVector.h */; settings = {ATTRIBUTES = (Public, ); }; };
		C7622B1A14D086010093DDD0 /* Accelerate.framework in Frameworks */ = {isa = PBXBuildFile; fileRef = C7622AEF14D080850093DDD0 /* Accelerate.framework */; };
		C7622B6014D118640093DDD0 /* GLMathExports.h in Headers */ = {isa = PBXBuildFile; fileRef = C701C3CB14BBC32100DD9C0C /* GLMathExports.h */; };
		C7622B8314D149990093DDD0 /* InfoPlist.strings in Resources */ = {isa = PBXBuildFile; fileRef = C7622B0214D085B60093DDD0 /* InfoPlist.strings */; };
		C7B6A76C15120A68003F797D /* BridgeSupport in Resources */ = {isa = PBXBuildFile; fileRef = C7B6A76B15120A68003F797D /* BridgeSupport */; };
/* End PBXBuildFile section */

/* Begin PBXFileReference section */
		C701C3CB14BBC32100DD9C0C /* GLMathExports.h */ = {isa = PBXFileReference; fileEncoding = 4; lastKnownFileType = sourcecode.c.h; path = GLMathExports.h; sourceTree = "<group>"; };
		C70EA30314AC9780009D29C6 /* libglmath.a */ = {isa = PBXFileReference; explicitFileType = archive.ar; includeInIndex = 0; path = libglmath.a; sourceTree = BUILT_PRODUCTS_DIR; };
		C70EA30F14AC97BD009D29C6 /* GLMath.c */ = {isa = PBXFileReference; fileEncoding = 4; lastKnownFileType = sourcecode.c.c; lineEnding = 0; path = GLMath.c; sourceTree = "<group>"; xcLanguageSpecificationIdentifier = xcode.lang.c; };
		C70EA31014AC97BD009D29C6 /* GLMath.h */ = {isa = PBXFileReference; fileEncoding = 4; lastKnownFileType = sourcecode.c.h; path = GLMath.h; sourceTree = "<group>"; };
		C70EA31114AC97BD009D29C6 /* GLMathBezierCurve.h */ = {isa = PBXFileReference; fileEncoding = 4; lastKnownFileType = sourcecode.c.h; lineEnding = 0; path = GLMathBezierCurve.h; sourceTree = "<group>"; };
		C70EA31214AC97BD009D29C6 /* GLMathMatrix.h */ = {isa = PBXFileReference; fileEncoding = 4; lastKnownFileType = sourcecode.c.h; lineEnding = 0; path = GLMathMatrix.h; sourceTree = "<group>"; xcLanguageSpecificationIdentifier = xcode.lang.objcpp; };
		C70EA31314AC97BD009D29C6 /* GLMathMatrixStack.h */ = {isa = PBXFileReference; fileEncoding = 4; lastKnownFileType = sourcecode.c.h; path = GLMathMatrixStack.h; sourceTree = "<group>"; };
		C70EA31414AC97BD009D29C6 /* GLMathQuaternion.h */ = {isa = PBXFileReference; fileEncoding = 4; lastKnownFileType = sourcecode.c.h; lineEnding = 0; path = GLMathQuaternion.h; sourceTree = "<group>"; xcLanguageSpecificationIdentifier = xcode.lang.objcpp; };
		C70EA31614AC97BD009D29C6 /* GLMathTransforms.h */ = {isa = PBXFileReference; fileEncoding = 4; lastKnownFileType = sourcecode.c.h; lineEnding = 0; path = GLMathTransforms.h; sourceTree = "<group>"; xcLanguageSpecificationIdentifier = xcode.lang.objcpp; };
		C70EA31714AC97BD009D29C6 /* GLMathTypes.h */ = {isa = PBXFileReference; fileEncoding = 4; lastKnownFileType = sourcecode.c.h; lineEnding = 0; path = GLMathTypes.h; sourceTree = "<group>"; xcLanguageSpecificationIdentifier = xcode.lang.objcpp; };
		C70EA31814AC97BD009D29C6 /* GLMathUtilities.h */ = {isa = PBXFileReference; fileEncoding = 4; lastKnownFileType = sourcecode.c.h; path = GLMathUtilities.h; sourceTree = "<group>"; };
		C70EA31914AC97BD009D29C6 /* GLMathVector.h */ = {isa = PBXFileReference; fileEncoding = 4; lastKnownFileType = sourcecode.c.h; lineEnding = 0; path = GLMathVector.h; sourceTree = "<group>"; xcLanguageSpecificationIdentifier = xcode.lang.objcpp; };
		C70EA32514AC97D5009D29C6 /* Readme.md */ = {isa = PBXFileReference; fileEncoding = 4; lastKnownFileType = text; path = Readme.md; sourceTree = "<group>"; };
		C73160AD14ACF14800A966CE /* GLMathUtilities.c */ = {isa = PBXFileReference; fileEncoding = 4; lastKnownFileType = sourcecode.c.c; path = GLMathUtilities.c; sourceTree = "<group>"; };
		C7622AEF14D080850093DDD0 /* Accelerate.framework */ = {isa = PBXFileReference; lastKnownFileType = wrapper.framework; name = Accelerate.framework; path = System/Library/Frameworks/Accelerate.framework; sourceTree = SDKROOT; };
		C7622AF714D085B60093DDD0 /* GLMath.framework */ = {isa = PBXFileReference; explicitFileType = wrapper.framework; includeInIndex = 0; path = GLMath.framework; sourceTree = BUILT_PRODUCTS_DIR; };
		C7622B0114D085B60093DDD0 /* GLMath-Info.plist */ = {isa = PBXFileReference; lastKnownFileType = text.plist.xml; path = "GLMath-Info.plist"; sourceTree = "<group>"; };
		C7622B0314D085B60093DDD0 /* en */ = {isa = PBXFileReference; lastKnownFileType = text.plist.strings; name = en; path = en.lproj/InfoPlist.strings; sourceTree = "<group>"; };
		C7622B0514D085B60093DDD0 /* GLMath-Prefix.pch */ = {isa = PBXFileReference; lastKnownFileType = sourcecode.c.h; path = "GLMath-Prefix.pch"; sourceTree = "<group>"; };
		C7B6A76B15120A68003F797D /* BridgeSupport */ = {isa = PBXFileReference; lastKnownFileType = folder; path = BridgeSupport; sourceTree = "<group>"; };
/* End PBXFileReference section */

/* Begin PBXFrameworksBuildPhase section */
		C70EA30014AC9780009D29C6 /* Frameworks */ = {
			isa = PBXFrameworksBuildPhase;
			buildActionMask = 2147483647;
			files = (
				C71E0B6B155A40AF00CB6F37 /* Accelerate.framework in Frameworks */,
			);
			runOnlyForDeploymentPostprocessing = 0;
		};
		C7622AF314D085B60093DDD0 /* Frameworks */ = {
			isa = PBXFrameworksBuildPhase;
			buildActionMask = 2147483647;
			files = (
				C7622B1A14D086010093DDD0 /* Accelerate.framework in Frameworks */,
			);
			runOnlyForDeploymentPostprocessing = 0;
		};
/* End PBXFrameworksBuildPhase section */

/* Begin PBXGroup section */
		C70EA2F814AC9780009D29C6 = {
			isa = PBXGroup;
			children = (
				C70EA30D14AC97B7009D29C6 /* Source */,
				C7622B0014D085B60093DDD0 /* Framework Resources */,
				C70EA30414AC9780009D29C6 /* Products */,
				C7622AEF14D080850093DDD0 /* Accelerate.framework */,
				C70EA32514AC97D5009D29C6 /* Readme.md */,
			);
			sourceTree = "<group>";
		};
		C70EA30414AC9780009D29C6 /* Products */ = {
			isa = PBXGroup;
			children = (
				C70EA30314AC9780009D29C6 /* libglmath.a */,
				C7622AF714D085B60093DDD0 /* GLMath.framework */,
			);
			name = Products;
			sourceTree = "<group>";
		};
		C70EA30D14AC97B7009D29C6 /* Source */ = {
			isa = PBXGroup;
			children = (
				C70EA31014AC97BD009D29C6 /* GLMath.h */,
				C70EA30F14AC97BD009D29C6 /* GLMath.c */,
				C70EA31114AC97BD009D29C6 /* GLMathBezierCurve.h */,
				C70EA31214AC97BD009D29C6 /* GLMathMatrix.h */,
				C70EA31314AC97BD009D29C6 /* GLMathMatrixStack.h */,
				C70EA31414AC97BD009D29C6 /* GLMathQuaternion.h */,
				C70EA31614AC97BD009D29C6 /* GLMathTransforms.h */,
				C70EA31714AC97BD009D29C6 /* GLMathTypes.h */,
				C70EA31814AC97BD009D29C6 /* GLMathUtilities.h */,
				C73160AD14ACF14800A966CE /* GLMathUtilities.c */,
				C70EA31914AC97BD009D29C6 /* GLMathVector.h */,
				C701C3CB14BBC32100DD9C0C /* GLMathExports.h */,
			);
			name = Source;
			sourceTree = "<group>";
		};
		C7622B0014D085B60093DDD0 /* Framework Resources */ = {
			isa = PBXGroup;
			children = (
				C7B6A76B15120A68003F797D /* BridgeSupport */,
				C7622B0114D085B60093DDD0 /* GLMath-Info.plist */,
				C7622B0214D085B60093DDD0 /* InfoPlist.strings */,
				C7622B0514D085B60093DDD0 /* GLMath-Prefix.pch */,
			);
			path = "Framework Resources";
			sourceTree = SOURCE_ROOT;
		};
/* End PBXGroup section */

/* Begin PBXHeadersBuildPhase section */
		C70EA30114AC9780009D29C6 /* Headers */ = {
			isa = PBXHeadersBuildPhase;
			buildActionMask = 2147483647;
			files = (
				C70EA31B14AC97BD009D29C6 /* GLMath.h in Headers */,
				C70EA31C14AC97BD009D29C6 /* GLMathBezierCurve.h in Headers */,
				C70EA31D14AC97BD009D29C6 /* GLMathMatrix.h in Headers */,
				C70EA31E14AC97BD009D29C6 /* GLMathMatrixStack.h in Headers */,
				C70EA31F14AC97BD009D29C6 /* GLMathQuaternion.h in Headers */,
				C70EA32114AC97BD009D29C6 /* GLMathTransforms.h in Headers */,
				C70EA32214AC97BD009D29C6 /* GLMathTypes.h in Headers */,
				C70EA32314AC97BD009D29C6 /* GLMathUtilities.h in Headers */,
				C70EA32414AC97BD009D29C6 /* GLMathVector.h in Headers */,
				C701C3CC14BBC32100DD9C0C /* GLMathExports.h in Headers */,
			);
			runOnlyForDeploymentPostprocessing = 0;
		};
		C7622AF414D085B60093DDD0 /* Headers */ = {
			isa = PBXHeadersBuildPhase;
			buildActionMask = 2147483647;
			files = (
				C7622B0F14D085F20093DDD0 /* GLMath.h in Headers */,
				C7622B1014D085F20093DDD0 /* GLMathBezierCurve.h in Headers */,
				C7622B1114D085F20093DDD0 /* GLMathMatrix.h in Headers */,
				C7622B1214D085F20093DDD0 /* GLMathMatrixStack.h in Headers */,
				C7622B1314D085F20093DDD0 /* GLMathQuaternion.h in Headers */,
				C7622B1514D085F20093DDD0 /* GLMathTransforms.h in Headers */,
				C7622B1614D085F20093DDD0 /* GLMathTypes.h in Headers */,
				C7622B1714D085F20093DDD0 /* GLMathUtilities.h in Headers */,
				C7622B1814D085F20093DDD0 /* GLMathVector.h in Headers */,
				C7622B6014D118640093DDD0 /* GLMathExports.h in Headers */,
			);
			runOnlyForDeploymentPostprocessing = 0;
		};
/* End PBXHeadersBuildPhase section */

/* Begin PBXNativeTarget section */
		C70EA30214AC9780009D29C6 /* Static Library */ = {
			isa = PBXNativeTarget;
			buildConfigurationList = C70EA30714AC9780009D29C6 /* Build configuration list for PBXNativeTarget "Static Library" */;
			buildPhases = (
				C70EA2FF14AC9780009D29C6 /* Sources */,
				C70EA30014AC9780009D29C6 /* Frameworks */,
				C70EA30114AC9780009D29C6 /* Headers */,
			);
			buildRules = (
			);
			dependencies = (
			);
			name = "Static Library";
			productName = glmath;
			productReference = C70EA30314AC9780009D29C6 /* libglmath.a */;
			productType = "com.apple.product-type.library.static";
		};
		C7622AF614D085B60093DDD0 /* Framework */ = {
			isa = PBXNativeTarget;
			buildConfigurationList = C7622B0914D085B60093DDD0 /* Build configuration list for PBXNativeTarget "Framework" */;
			buildPhases = (
				C7622AF214D085B60093DDD0 /* Sources */,
				C7622AF314D085B60093DDD0 /* Frameworks */,
				C7622AF414D085B60093DDD0 /* Headers */,
				C7622AF514D085B60093DDD0 /* Resources */,
			);
			buildRules = (
			);
			dependencies = (
			);
			name = Framework;
			productName = GLMath;
			productReference = C7622AF714D085B60093DDD0 /* GLMath.framework */;
			productType = "com.apple.product-type.framework";
		};
/* End PBXNativeTarget section */

/* Begin PBXProject section */
		C70EA2FA14AC9780009D29C6 /* Project object */ = {
			isa = PBXProject;
			attributes = {
				LastUpgradeCheck = 0430;
			};
			buildConfigurationList = C70EA2FD14AC9780009D29C6 /* Build configuration list for PBXProject "GLMath" */;
			compatibilityVersion = "Xcode 3.2";
			developmentRegion = English;
			hasScannedForEncodings = 0;
			knownRegions = (
				en,
			);
			mainGroup = C70EA2F814AC9780009D29C6;
			productRefGroup = C70EA30414AC9780009D29C6 /* Products */;
			projectDirPath = "";
			projectRoot = "";
			targets = (
				C70EA30214AC9780009D29C6 /* Static Library */,
				C7622AF614D085B60093DDD0 /* Framework */,
				C7B6A7331511B299003F797D /* Generate BridgeSupport */,
			);
		};
/* End PBXProject section */

/* Begin PBXResourcesBuildPhase section */
		C7622AF514D085B60093DDD0 /* Resources */ = {
			isa = PBXResourcesBuildPhase;
			buildActionMask = 2147483647;
			files = (
				C7622B8314D149990093DDD0 /* InfoPlist.strings in Resources */,
				C7B6A76C15120A68003F797D /* BridgeSupport in Resources */,
			);
			runOnlyForDeploymentPostprocessing = 0;
		};
/* End PBXResourcesBuildPhase section */

/* Begin PBXShellScriptBuildPhase section */
		C7B6A73A1511B2B3003F797D /* Generate Metadata */ = {
			isa = PBXShellScriptBuildPhase;
			buildActionMask = 2147483647;
			files = (
			);
			inputPaths = (
			);
			name = "Generate Metadata";
			outputPaths = (
			);
			runOnlyForDeploymentPostprocessing = 0;
			shellPath = /bin/sh;
			shellScript = "gen_bridge_metadata -c '-D__SCRIPTINGBRIDGE__' -f $TARGET_BUILD_DIR/$PRODUCT_NAME.framework/ -o $PROJECT_DIR/Framework\\ Resources/BridgeSupport/$PRODUCT_NAME.bridgesupport";
			showEnvVarsInLog = 0;
		};
/* End PBXShellScriptBuildPhase section */

/* Begin PBXSourcesBuildPhase section */
		C70EA2FF14AC9780009D29C6 /* Sources */ = {
			isa = PBXSourcesBuildPhase;
			buildActionMask = 2147483647;
			files = (
				C70EA31A14AC97BD009D29C6 /* GLMath.c in Sources */,
				C73160AE14ACF14800A966CE /* GLMathUtilities.c in Sources */,
			);
			runOnlyForDeploymentPostprocessing = 0;
		};
		C7622AF214D085B60093DDD0 /* Sources */ = {
			isa = PBXSourcesBuildPhase;
			buildActionMask = 2147483647;
			files = (
				C7622B0E14D085E00093DDD0 /* GLMathUtilities.c in Sources */,
				C7622B0C14D085D90093DDD0 /* GLMath.c in Sources */,
			);
			runOnlyForDeploymentPostprocessing = 0;
		};
/* End PBXSourcesBuildPhase section */

/* Begin PBXVariantGroup section */
		C7622B0214D085B60093DDD0 /* InfoPlist.strings */ = {
			isa = PBXVariantGroup;
			children = (
				C7622B0314D085B60093DDD0 /* en */,
			);
			name = InfoPlist.strings;
			sourceTree = "<group>";
		};
/* End PBXVariantGroup section */

/* Begin XCBuildConfiguration section */
		C70EA30514AC9780009D29C6 /* Debug */ = {
			isa = XCBuildConfiguration;
			buildSettings = {
				ALWAYS_SEARCH_USER_PATHS = NO;
				COPY_PHASE_STRIP = NO;
				GCC_C_LANGUAGE_STANDARD = gnu99;
				GCC_DYNAMIC_NO_PIC = NO;
				GCC_FAST_MATH = YES;
				GCC_OPTIMIZATION_LEVEL = 0;
				GCC_PREPROCESSOR_DEFINITIONS = (
					"DEBUG=1",
					"$(inherited)",
				);
				GCC_SYMBOLS_PRIVATE_EXTERN = NO;
				GCC_UNROLL_LOOPS = YES;
				GCC_VERSION = com.apple.compilers.llvm.clang.1_0;
				GCC_WARN_64_TO_32_BIT_CONVERSION = YES;
				GCC_WARN_ABOUT_MISSING_PROTOTYPES = YES;
				GCC_WARN_ABOUT_RETURN_TYPE = YES;
				GCC_WARN_UNUSED_VARIABLE = YES;
				MACOSX_DEPLOYMENT_TARGET = 10.7;
			};
			name = Debug;
		};
		C70EA30614AC9780009D29C6 /* Release */ = {
			isa = XCBuildConfiguration;
			buildSettings = {
				ALWAYS_SEARCH_USER_PATHS = NO;
				COPY_PHASE_STRIP = YES;
				DEBUG_INFORMATION_FORMAT = "dwarf-with-dsym";
				GCC_C_LANGUAGE_STANDARD = gnu99;
				GCC_FAST_MATH = YES;
				GCC_OPTIMIZATION_LEVEL = 1;
				GCC_UNROLL_LOOPS = YES;
				GCC_VERSION = com.apple.compilers.llvm.clang.1_0;
				GCC_WARN_64_TO_32_BIT_CONVERSION = YES;
				GCC_WARN_ABOUT_MISSING_PROTOTYPES = YES;
				GCC_WARN_ABOUT_RETURN_TYPE = YES;
				GCC_WARN_UNUSED_VARIABLE = YES;
				MACOSX_DEPLOYMENT_TARGET = 10.7;
			};
			name = Release;
		};
		C70EA30814AC9780009D29C6 /* Debug */ = {
			isa = XCBuildConfiguration;
			buildSettings = {
				EXECUTABLE_PREFIX = lib;
				GCC_VERSION = com.apple.compilers.llvmgcc42;
				OTHER_CFLAGS = "-fno-reg-struct-return";
				PRODUCT_NAME = glmath;
				SDKROOT = iphoneos;
				SUPPORTED_PLATFORMS = "macosx iphonesimulator iphoneos";
				WARNING_CFLAGS = (
					"-Wall",
					"-Wno-missing-braces",
					"-Wno-unused-function",
					"-Wno-shorten-64-to-32",
				);
			};
			name = Debug;
		};
		C70EA30914AC9780009D29C6 /* Release */ = {
			isa = XCBuildConfiguration;
			buildSettings = {
				EXECUTABLE_PREFIX = lib;
				GCC_VERSION = com.apple.compilers.llvmgcc42;
				OTHER_CFLAGS = "-fno-reg-struct-return";
				PRODUCT_NAME = glmath;
				SDKROOT = iphoneos;
				SUPPORTED_PLATFORMS = "macosx iphonesimulator iphoneos";
				WARNING_CFLAGS = (
					"-Wall",
					"-Wno-missing-braces",
					"-Wno-unused-function",
					"-Wno-shorten-64-to-32",
				);
			};
			name = Release;
		};
		C7622B0A14D085B60093DDD0 /* Debug */ = {
			isa = XCBuildConfiguration;
			buildSettings = {
				ARCHS = "$(ARCHS_STANDARD_32_64_BIT)";
				DYLIB_COMPATIBILITY_VERSION = 1.0;
				DYLIB_CURRENT_VERSION = 1.0;
				FRAMEWORK_VERSION = A;
				GCC_ENABLE_OBJC_GC = supported;
				GCC_PRECOMPILE_PREFIX_HEADER = YES;
				GCC_PREFIX_HEADER = "Framework Resources/GLMath-Prefix.pch";
				GCC_PREPROCESSOR_DEFINITIONS_NOT_USED_IN_PRECOMPS = "";
				INFOPLIST_FILE = "Framework Resources/GLMath-Info.plist";
				INSTALL_PATH = "@executable_path/../Frameworks";
				PRODUCT_NAME = GLMath;
				WRAPPER_EXTENSION = framework;
			};
			name = Debug;
		};
		C7622B0B14D085B60093DDD0 /* Release */ = {
			isa = XCBuildConfiguration;
			buildSettings = {
				ARCHS = "$(ARCHS_STANDARD_32_64_BIT)";
				DYLIB_COMPATIBILITY_VERSION = 1.0;
				DYLIB_CURRENT_VERSION = 1.0;
				FRAMEWORK_VERSION = A;
				GCC_ENABLE_OBJC_GC = supported;
				GCC_PRECOMPILE_PREFIX_HEADER = YES;
				GCC_PREFIX_HEADER = "Framework Resources/GLMath-Prefix.pch";
				GCC_PREPROCESSOR_DEFINITIONS_NOT_USED_IN_PRECOMPS = "";
				INFOPLIST_FILE = "Framework Resources/GLMath-Info.plist";
				INSTALL_PATH = "@executable_path/../Frameworks";
				PRODUCT_NAME = GLMath;
				WRAPPER_EXTENSION = framework;
			};
			name = Release;
		};
		C7B6A7341511B299003F797D /* Debug */ = {
			isa = XCBuildConfiguration;
			buildSettings = {
				PRODUCT_NAME = GLMath;
			};
			name = Debug;
		};
		C7B6A7351511B299003F797D /* Release */ = {
			isa = XCBuildConfiguration;
			buildSettings = {
				PRODUCT_NAME = GLMath;
			};
			name = Release;
		};
/* End XCBuildConfiguration section */

/* Begin XCConfigurationList section */
		C70EA2FD14AC9780009D29C6 /* Build configuration list for PBXProject "GLMath" */ = {
			isa = XCConfigurationList;
			buildConfigurations = (
				C70EA30514AC9780009D29C6 /* Debug */,
				C70EA30614AC9780009D29C6 /* Release */,
			);
			defaultConfigurationIsVisible = 0;
			defaultConfigurationName = Release;
		};
		C70EA30714AC9780009D29C6 /* Build configuration list for PBXNativeTarget "Static Library" */ = {
			isa = XCConfigurationList;
			buildConfigurations = (
				C70EA30814AC9780009D29C6 /* Debug */,
				C70EA30914AC9780009D29C6 /* Release */,
			);
			defaultConfigurationIsVisible = 0;
			defaultConfigurationName = Release;
		};
		C7622B0914D085B60093DDD0 /* Build configuration list for PBXNativeTarget "Framework" */ = {
			isa = XCConfigurationList;
			buildConfigurations = (
				C7622B0A14D085B60093DDD0 /* Debug */,
				C7622B0B14D085B60093DDD0 /* Release */,
			);
			defaultConfigurationIsVisible = 0;
			defaultConfigurationName = Release;
		};
		C7B6A7361511B299003F797D /* Build configuration list for PBXAggregateTarget "Generate BridgeSupport" */ = {
			isa = XCConfigurationList;
			buildConfigurations = (
				C7B6A7341511B299003F797D /* Debug */,
				C7B6A7351511B299003F797D /* Release */,
			);
			defaultConfigurationIsVisible = 0;
			defaultConfigurationName = Release;
		};
/* End XCConfigurationList section */
	};
	rootObject = C70EA2FA14AC9780009D29C6 /* Project object */;
}
